
Microsoft Visual Studio Solution File, Format Version 12.00
# Visual Studio Version 16
VisualStudioVersion = 16.0.30717.126
MinimumVisualStudioVersion = 10.0.40219.1
Project("{FAE04EC0-301F-11D3-BF4B-00C04F79EFBC}") = "web1201", "web1201\web1201.csproj", "{13FB10D1-6F71-4136-965B-1C2360F15785}"
EndProject
Global
	GlobalSection(SolutionConfigurationPlatforms) = preSolution
		Debug|Any CPU = Debug|Any CPU
		Release|Any CPU = Release|Any CPU
	EndGlobalSection
	GlobalSection(ProjectConfigurationPlatforms) = postSolution
		{13FB10D1-6F71-4136-965B-1C2360F15785}.Debug|Any CPU.ActiveCfg = Debug|Any CPU
		{13FB10D1-6F71-4136-965B-1C2360F15785}.Debug|Any CPU.Build.0 = Debug|Any CPU
		{13FB10D1-6F71-4136-965B-1C2360F15785}.Release|Any CPU.ActiveCfg = Release|Any CPU
		{13FB10D1-6F71-4136-965B-1C2360F15785}.Release|Any CPU.Build.0 = Release|Any CPU
	EndGlobalSection
	GlobalSection(SolutionProperties) = preSolution
		HideSolutionNode = FALSE
	EndGlobalSection
	GlobalSection(ExtensibilityGlobals) = postSolution
		SolutionGuid = {F6724C54-82B7-4971-A786-E972EA2425C8}
	EndGlobalSection
EndGlobal
